
Microsoft Visual Studio Solution File, Format Version 12.00
# Visual Studio Version 17
VisualStudioVersion = 17.3.32929.385
MinimumVisualStudioVersion = 10.0.40219.1
Project("{FAE04EC0-301F-11D3-BF4B-00C04F79EFBC}") = "Day8Problems", "Day8Problems.csproj", "{4F1A135C-3D43-4DC1-9862-03E4738AA795}"
EndProject
Global
	GlobalSection(SolutionConfigurationPlatforms) = preSolution
		Debug|Any CPU = Debug|Any CPU
		Release|Any CPU = Release|Any CPU
	EndGlobalSection
	GlobalSection(ProjectConfigurationPlatforms) = postSolution
		{4F1A135C-3D43-4DC1-9862-03E4738AA795}.Debug|Any CPU.ActiveCfg = Debug|Any CPU
		{4F1A135C-3D43-4DC1-9862-03E4738AA795}.Debug|Any CPU.Build.0 = Debug|Any CPU
		{4F1A135C-3D43-4DC1-9862-03E4738AA795}.Release|Any CPU.ActiveCfg = Release|Any CPU
		{4F1A135C-3D43-4DC1-9862-03E4738AA795}.Release|Any CPU.Build.0 = Release|Any CPU
	EndGlobalSection
	GlobalSection(SolutionProperties) = preSolution
		HideSolutionNode = FALSE
	EndGlobalSection
	GlobalSection(ExtensibilityGlobals) = postSolution
		SolutionGuid = {27B7B96C-9259-468D-A4A8-CAE10BB55131}
	EndGlobalSection
EndGlobal
